
Microsoft Visual Studio Solution File, Format Version 12.00
# Visual Studio 2013
VisualStudioVersion = 12.0.30501.0
MinimumVisualStudioVersion = 10.0.40219.1
Project("{FAE04EC0-301F-11D3-BF4B-00C04F79EFBC}") = "RsaSecureToken", "RsaSecureToken\RsaSecureToken.csproj", "{1A8983D1-2D21-4885-BB34-469CBEF89C46}"
EndProject
Project("{FAE04EC0-301F-11D3-BF4B-00C04F79EFBC}") = "RsaSecureTokenTests", "RsaSecureTokenTests\RsaSecureTokenTests.csproj", "{5190FA6A-44E4-4E2B-9FCF-ACCC758B9AA3}"
EndProject
Project("{FAE04EC0-301F-11D3-BF4B-00C04F79EFBC}") = "ContextSample", "ContextSample\ContextSample.csproj", "{C43DD0E6-A9A9-4F0E-9BF8-55CBFFEA052B}"
EndProject
Global
	GlobalSection(SolutionConfigurationPlatforms) = preSolution
		Debug|Any CPU = Debug|Any CPU
		Release|Any CPU = Release|Any CPU
	EndGlobalSection
	GlobalSection(ProjectConfigurationPlatforms) = postSolution
		{1A8983D1-2D21-4885-BB34-469CBEF89C46}.Debug|Any CPU.ActiveCfg = Debug|Any CPU
		{1A8983D1-2D21-4885-BB34-469CBEF89C46}.Debug|Any CPU.Build.0 = Debug|Any CPU
		{1A8983D1-2D21-4885-BB34-469CBEF89C46}.Release|Any CPU.ActiveCfg = Release|Any CPU
		{1A8983D1-2D21-4885-BB34-469CBEF89C46}.Release|Any CPU.Build.0 = Release|Any CPU
		{5190FA6A-44E4-4E2B-9FCF-ACCC758B9AA3}.Debug|Any CPU.ActiveCfg = Debug|Any CPU
		{5190FA6A-44E4-4E2B-9FCF-ACCC758B9AA3}.Debug|Any CPU.Build.0 = Debug|Any CPU
		{5190FA6A-44E4-4E2B-9FCF-ACCC758B9AA3}.Release|Any CPU.ActiveCfg = Release|Any CPU
		{5190FA6A-44E4-4E2B-9FCF-ACCC758B9AA3}.Release|Any CPU.Build.0 = Release|Any CPU
		{C43DD0E6-A9A9-4F0E-9BF8-55CBFFEA052B}.Debug|Any CPU.ActiveCfg = Debug|Any CPU
		{C43DD0E6-A9A9-4F0E-9BF8-55CBFFEA052B}.Debug|Any CPU.Build.0 = Debug|Any CPU
		{C43DD0E6-A9A9-4F0E-9BF8-55CBFFEA052B}.Release|Any CPU.ActiveCfg = Release|Any CPU
		{C43DD0E6-A9A9-4F0E-9BF8-55CBFFEA052B}.Release|Any CPU.Build.0 = Release|Any CPU
	EndGlobalSection
	GlobalSection(SolutionProperties) = preSolution
		HideSolutionNode = FALSE
	EndGlobalSection
EndGlobal
